
Microsoft Visual Studio Solution File, Format Version 12.00
# Visual Studio Version 17
VisualStudioVersion = 17.10.35013.160
MinimumVisualStudioVersion = 10.0.40219.1
Project("{FAE04EC0-301F-11D3-BF4B-00C04F79EFBC}") = "Api Demo", "Api Demo\Api Demo.csproj", "{2735607B-8F40-424A-A6B5-F7D1A8874E70}"
EndProject
Global
	GlobalSection(SolutionConfigurationPlatforms) = preSolution
		Debug|Any CPU = Debug|Any CPU
		Release|Any CPU = Release|Any CPU
	EndGlobalSection
	GlobalSection(ProjectConfigurationPlatforms) = postSolution
		{2735607B-8F40-424A-A6B5-F7D1A8874E70}.Debug|Any CPU.ActiveCfg = Debug|Any CPU
		{2735607B-8F40-424A-A6B5-F7D1A8874E70}.Debug|Any CPU.Build.0 = Debug|Any CPU
		{2735607B-8F40-424A-A6B5-F7D1A8874E70}.Release|Any CPU.ActiveCfg = Release|Any CPU
		{2735607B-8F40-424A-A6B5-F7D1A8874E70}.Release|Any CPU.Build.0 = Release|Any CPU
	EndGlobalSection
	GlobalSection(SolutionProperties) = preSolution
		HideSolutionNode = FALSE
	EndGlobalSection
	GlobalSection(ExtensibilityGlobals) = postSolution
		SolutionGuid = {DC10DA80-FC3D-407E-B031-AFA2CCB72011}
	EndGlobalSection
EndGlobal
